# This file is autogenerated, do not edit; changes may be undone by the next 'dep ensure'.


[[projects]]
  branch = "master"
  digest = "1:9e22c150f1977481b47a7411a3ef12b241fed681bb4a99b47b3cb5befb4deb32"
  name = "github.com/OpenPeeDeeP/depguard"
  packages = ["."]
  pruneopts = "NUT"
  revision = "a69c782687b207067fa0e371408bb18f38e1355f"

[[projects]]
  digest = "1:ade392a843b2035effb4b4a2efa2c3bab3eb29b992e98bacf9c898b0ecb54e45"
  name = "github.com/fatih/color"
  packages = ["."]
  pruneopts = "NUT"
  revision = "5b77d2a35fb0ede96d138fc9a99f5c9b6aef11b4"
  version = "v1.7.0"

[[projects]]
  digest = "1:1b91ae0dc69a41d4c2ed23ea5cffb721ea63f5037ca4b81e6d6771fbb8f45129"
  name = "github.com/fsnotify/fsnotify"
  packages = ["."]
  pruneopts = "NUT"
  revision = "c2828203cd70a50dcccfb2761f8b1f8ceef9a8e9"
  version = "v1.4.7"

[[projects]]
  digest = "1:6a7159c5f8f8826207545407a458b43ab6599c1c8a2271465c2e979ecea1dcd4"
  name = "github.com/gobwas/glob"
  packages = [
    ".",
    "compiler",
    "match",
    "syntax",
    "syntax/ast",
    "syntax/lexer",
    "util/runes",
    "util/strings",
  ]
  pruneopts = "NUT"
  revision = "5ccd90ef52e1e632236f7326478d4faa74f99438"
  version = "v0.2.3"

[[projects]]
  digest = "1:38e684375ef5b55e812332266d63f9fc5b6329ab303067c4cdda051db6d29ca4"
  name = "github.com/gogo/protobuf"
  packages = ["proto"]
  pruneopts = "NUT"
  revision = "636bf0302bc95575d69441b25a2603156ffdddf1"
  version = "v1.1.1"

[[projects]]
  digest = "1:bc38c7c481812e178d85160472e231c5e1c9a7f5845d67e23ee4e706933c10d8"
  name = "github.com/golang/mock"
  packages = ["gomock"]
  pruneopts = "NUT"
  revision = "c34cdb4725f4c3844d095133c6e40e448b86589b"
  version = "v1.1.1"

[[projects]]
  branch = "master"
  digest = "1:c173565780edcf5d43c5f983be0e9085266764465422d4ad230355abd2e0d252"
  name = "github.com/golangci/check"
  packages = [
    "cmd/structcheck",
    "cmd/varcheck",
  ]
  pruneopts = "NUT"
  revision = "cfe4005ccda277a820149d44d6ededc400cc99a2"

[[projects]]
  branch = "master"
  digest = "1:f473efaccbb73590846e15689d11b5cebeebb19ea717f9e77c03f75050a8500f"
  name = "github.com/golangci/dupl"
  packages = [
    ".",
    "job",
    "printer",
    "suffixtree",
    "syntax",
    "syntax/golang",
  ]
  pruneopts = "NUT"
  revision = "3e9179ac440a0386ac7cc9a085fc44397c6b9bbc"

[[projects]]
  branch = "master"
  digest = "1:974bb21c8811f4353bd499c71c9b47da05710f80629201448a328a6b6344ed5e"
  name = "github.com/golangci/errcheck"
  packages = [
    "golangci",
    "internal/errcheck",
  ]
  pruneopts = "NUT"
  revision = "1765131d5be500f6904592495b9a6eb456c74800"

[[projects]]
  branch = "master"
  digest = "1:23d403d5e7dee605320c9b4a67376a99ccbea387cf90544bd4a533d501ce34b7"
  name = "github.com/golangci/go-misc"
  packages = ["deadcode"]
  pruneopts = "NUT"
  revision = "927a3d87b613e9f6f0fb7ef8bb8de8b83c30a5a2"

[[projects]]
  branch = "master"
  digest = "1:df101e99f2a19489d50a89fa99ec5ea2b9f2bc2dafb49cdd891a4b6ace799697"
  name = "github.com/golangci/go-tools"
  packages = [
    "deprecated",
    "functions",
    "internal/sharedcheck",
    "lint",
    "lint/lintutil",
    "simple",
    "staticcheck",
    "staticcheck/vrp",
    "unused",
    "version",
  ]
  pruneopts = "NUT"
  revision = "93eecd106a0b4f93401f91127a550709f819193d"

[[projects]]
  branch = "master"
  digest = "1:a51b3b8726e2ec49e4c8df36c546381557b5ebcec9cf5408047c92dcd9d65cc8"
  name = "github.com/golangci/goconst"
  packages = ["."]
  pruneopts = "NUT"
  revision = "041c5f2b40f3dd334a4a6ee6a3f84ca3fc70680a"

[[projects]]
  branch = "master"
  digest = "1:431fd101ab780d1916262a582e241d01cbcbca10f7d85ebdd4ba339b8485483e"
  name = "github.com/golangci/gocyclo"
  packages = ["pkg/gocyclo"]
  pruneopts = "NUT"
  revision = "0a533e8fa43d6605069e94f455bf9d79d4b8ea8c"

[[projects]]
  branch = "master"
  digest = "1:66fcab6100e2be1bb31ae5494a0eb928690e2a4bf739d44eb2923ac7dd687e03"
  name = "github.com/golangci/gofmt"
  packages = [
    "gofmt",
    "goimports",
  ]
  pruneopts = "NUT"
  revision = "2076e05ced53480baa8ba14a05b80a415bec9377"

[[projects]]
  digest = "1:af0fa1acf38bbbe0561c14f45631268e9321fb34cf2754b8c7a71555eb930459"
  name = "github.com/golangci/golangci-lint"
  packages = [
    "cmd/golangci-lint",
    "pkg/commands",
    "pkg/config",
    "pkg/exitcodes",
    "pkg/fsutils",
    "pkg/golinters",
    "pkg/goutils",
    "pkg/lint",
    "pkg/lint/astcache",
    "pkg/lint/linter",
    "pkg/lint/lintersdb",
    "pkg/logutils",
    "pkg/packages",
    "pkg/printers",
    "pkg/report",
    "pkg/result",
    "pkg/result/processors",
    "pkg/timeutils",
  ]
  pruneopts = "NUT"
  revision = "dbfcf633d5f7b6544efa07d36798600a6f786005"
  version = "v1.10.2"

[[projects]]
  branch = "master"
  digest = "1:122d3d6c9c1315f3d8ad455f3375734b3125cc1ebe6a1d0191b54ac101ce0816"
  name = "github.com/golangci/gosec"
  packages = [
    ".",
    "rules",
  ]
  pruneopts = "NUT"
  revision = "8afd9cbb6cfb34a3b4d4d5711bafdc6640ae892f"

[[projects]]
  branch = "master"
  digest = "1:57dc293c1a4460e1ef7d1a5278a123047c57f0b1c2a9418c13bba5fd40d197af"
  name = "github.com/golangci/govet"
  packages = [
    ".",
    "lib/cfg",
    "lib/whitelist",
  ]
  pruneopts = "NUT"
  revision = "44ddbe260190d79165f4150b828650780405d801"

[[projects]]
  branch = "master"
  digest = "1:aa41b25afe02d936a483503c038e6025ef4816033cae767050f5bf0cffcd2e94"
  name = "github.com/golangci/ineffassign"
  packages = ["."]
  pruneopts = "NUT"
  revision = "2ee8f2867dde308c46d401d6d30f6c644094b167"

[[projects]]
  branch = "master"
  digest = "1:8a043d165b607fada34aceb22e8f5d1fb80871f5b2d6c3e5d5933c37094c9228"
  name = "github.com/golangci/interfacer"
  packages = ["check"]
  pruneopts = "NUT"
  revision = "01958817a6ec5bb4bb01d0b9a5f3fca30923ebbf"

[[projects]]
  branch = "master"
  digest = "1:29904b1cfc9ed9a34fcb6ce882187d2d35aed7d6d2425d6a8c254ede091feade"
  name = "github.com/golangci/lint"
  packages = ["."]
  pruneopts = "NUT"
  revision = "c2187e7932b5ee7899eaa2e83bcf00e251abd274"

[[projects]]
  branch = "master"
  digest = "1:99fac19bc2fdc693f8f66e8799064f74931ad7a246b190cdaf2d45c1558375ad"
  name = "github.com/golangci/lint-1"
  packages = ["."]
  pruneopts = "NUT"
  revision = "4bf9709227d15e5f14c84a381e315a4695c4a372"

[[projects]]
  branch = "master"
  digest = "1:91baf044e2aca17831964415699923344b3304d21724caf56cd633af38cd8a6c"
  name = "github.com/golangci/maligned"
  packages = ["."]
  pruneopts = "NUT"
  revision = "b1d89398deca2fd3f8578e5a9551e819bd01ca5f"

[[projects]]
  digest = "1:3ca7a76c163b9694cc89f50ed108f6c8b0595083c676cf5c1b06aa082fa323b5"
  name = "github.com/golangci/misspell"
  packages = ["."]
  pruneopts = "NUT"
  revision = "b90dc15cfd220ecf8bbc9043ecb928cef381f011"
  version = "v0.3.4"

[[projects]]
  branch = "master"
  digest = "1:4e4fdefd1a90d05012c62662ed15e510f4a790892170213eda5f6cfa8db8b8ee"
  name = "github.com/golangci/prealloc"
  packages = ["."]
  pruneopts = "NUT"
  revision = "215b22d4de21190b80ce05e7d8466677c1aa3223"

[[projects]]
  branch = "master"
  digest = "1:6ee7a33482dd480c67a86f30d474ee82abc0adb3c32d3db532e7ce0745b6fe9b"
  name = "github.com/golangci/revgrep"
  packages = ["."]
  pruneopts = "NUT"
  revision = "276a5c0a103935ee65af49afc254a65335bf1fcf"

[[projects]]
  branch = "master"
  digest = "1:ba7223001c6b9de88a3e5beb6e441b3d559e09e3e9bc8ff866b2c0e72a6f7f8f"
  name = "github.com/golangci/tools"
  packages = [
    "go/callgraph",
    "go/callgraph/cha",
    "go/callgraph/rta",
    "go/callgraph/static",
    "go/ssa",
    "go/ssa/ssautil",
  ]
  pruneopts = "NUT"
  revision = "98e75f53b4b9b9243ddc6f08b76f7682294b53b5"

[[projects]]
  branch = "master"
  digest = "1:3f162727e8338636ae75b618f995fa5bfca0b28a21b7e273b9e65d322cc6283b"
  name = "github.com/golangci/unconvert"
  packages = ["."]
  pruneopts = "NUT"
  revision = "28b1c447d1f4a810737ee6ab40ea6c1d0ceae4ad"

[[projects]]
  branch = "master"
  digest = "1:5b3fb341e79acec135f1241e4d72b9a8231f705852f752142fb800115f50ba80"
  name = "github.com/golangci/unparam"
  packages = ["check"]
  pruneopts = "NUT"
  revision = "7ad9dbcccc1667190475751c43137253b310dc10"

[[projects]]
  digest = "1:11c6c696067d3127ecf332b10f89394d386d9083f82baf71f40f2da31841a009"
  name = "github.com/hashicorp/hcl"
  packages = [
    ".",
    "hcl/ast",
    "hcl/parser",
    "hcl/printer",
    "hcl/scanner",
    "hcl/strconv",
    "hcl/token",
    "json/parser",
    "json/scanner",
    "json/token",
  ]
  pruneopts = "NUT"
  revision = "8cb6e5b959231cc1119e43259c4a608f9c51a241"
  version = "v1.0.0"

[[projects]]
  digest = "1:406338ad39ab2e37b7f4452906442a3dbf0eb3379dd1f06aafb5c07e769a5fbb"
  name = "github.com/inconshreveable/mousetrap"
  packages = ["."]
  pruneopts = "NUT"
  revision = "76626ae9c91c4f2a10f34cad8ce83ea42c93bb75"
  version = "v1.0"

[[projects]]
  digest = "1:04eb2b1e456031d95dbc76c9a42fa8a2da0d61ae5111d6aa277cbefba53c7e8f"
  name = "github.com/kisielk/gotool"
  packages = [
    ".",
    "internal/load",
  ]
  pruneopts = "NUT"
  revision = "80517062f582ea3340cd4baf70e86d539ae7d84d"
  version = "v1.0.0"

[[projects]]
  digest = "1:4059c14e87a2de3a434430340521b5feece186c1469eff0834c29a63870de3ed"
  name = "github.com/konsorten/go-windows-terminal-sequences"
  packages = ["."]
  pruneopts = "NUT"
  revision = "5c8c8bd35d3832f5d134ae1e1e375b69a4d25242"
  version = "v1.0.1"

[[projects]]
  digest = "1:7b21c7fc5551b46d1308b4ffa9e9e49b66c7a8b0ba88c0130474b0e7a20d859f"
  name = "github.com/kr/pretty"
  packages = ["."]
  pruneopts = "NUT"
  revision = "73f6ac0b30a98e433b289500d779f50c1a6f0712"
  version = "v0.1.0"

[[projects]]
  digest = "1:c3a7836b5904db0f8b609595b619916a6831cb35b8b714aec39f96d00c6155d8"
  name = "github.com/kr/text"
  packages = ["."]
  pruneopts = "NUT"
  revision = "e2ffdb16a802fe2bb95e2e35ff34f0e53aeef34f"
  version = "v0.1.0"

[[projects]]
  digest = "1:d244f8666a838fe6ad70ec8fe77f50ebc29fdc3331a2729ba5886bef8435d10d"
  name = "github.com/magiconair/properties"
  packages = ["."]
  pruneopts = "NUT"
  revision = "c2353362d570a7bfa228149c62842019201cfb71"
  version = "v1.8.0"

[[projects]]
  digest = "1:08c231ec84231a7e23d67e4b58f975e1423695a32467a362ee55a803f9de8061"
  name = "github.com/mattn/go-colorable"
  packages = ["."]
  pruneopts = "NUT"
  revision = "167de6bfdfba052fa6b2d3664c8f5272e23c9072"
  version = "v0.0.9"

[[projects]]
  digest = "1:bffa444ca07c69c599ae5876bc18b25bfd5fa85b297ca10a25594d284a7e9c5d"
  name = "github.com/mattn/go-isatty"
  packages = ["."]
  pruneopts = "NUT"
  revision = "6ca4dbf54d38eea1a992b3c722a76a5d1c4cb25c"
  version = "v0.0.4"

[[projects]]
  digest = "1:a45ae66dea4c899d79fceb116accfa1892105c251f0dcd9a217ddc276b42ec68"
  name = "github.com/mitchellh/mapstructure"
  packages = ["."]
  pruneopts = "NUT"
  revision = "3536a929edddb9a5b34bd6861dc4a9647cb459fe"
  version = "v1.1.2"

[[projects]]
  digest = "1:bdfb0c1330370fa59d2cb3961dc926492888ef6c16e00c557ab66233e0f58844"
  name = "github.com/nbutton23/zxcvbn-go"
  packages = [
    ".",
    "adjacency",
    "data",
    "entropy",
    "frequency",
    "match",
    "matching",
    "scoring",
    "utils/math",
  ]
  pruneopts = "NUT"
  revision = "eafdab6b0663b4b528c35975c8b0e78be6e25261"
  version = "v0.1"

[[projects]]
  digest = "1:51ea800cff51752ff68e12e04106f5887b4daec6f9356721238c28019f0b42db"
  name = "github.com/pelletier/go-toml"
  packages = ["."]
  pruneopts = "NUT"
  revision = "c01d1270ff3e442a8a57cddc1c92dc1138598194"
  version = "v1.2.0"

[[projects]]
  digest = "1:5cf3f025cbee5951a4ee961de067c8a89fc95a5adabead774f82822efabab121"
  name = "github.com/pkg/errors"
  packages = ["."]
  pruneopts = "NUT"
  revision = "645ef00459ed84a119197bfb8d8205042c6df63d"
  version = "v0.8.0"

[[projects]]
  digest = "1:ecf78eacf406c42f07f66d6b79fda24d2b92dc711bfd0760d0c931678f9621fe"
  name = "github.com/sirupsen/logrus"
  packages = ["."]
  pruneopts = "NUT"
  revision = "ad15b42461921f1fb3529b058c6786c6a45d5162"
  version = "v1.1.1"

[[projects]]
  digest = "1:330e9062b308ac597e28485699c02223bd052437a6eed32a173c9227dcb9d95a"
  name = "github.com/spf13/afero"
  packages = [
    ".",
    "mem",
  ]
  pruneopts = "NUT"
  revision = "d40851caa0d747393da1ffb28f7f9d8b4eeffebd"
  version = "v1.1.2"

[[projects]]
  digest = "1:3fa7947ca83b98ae553590d993886e845a4bff19b7b007e869c6e0dd3b9da9cd"
  name = "github.com/spf13/cast"
  packages = ["."]
  pruneopts = "NUT"
  revision = "8965335b8c7107321228e3e3702cab9832751bac"
  version = "v1.2.0"

[[projects]]
  digest = "1:343d44e06621142ab09ae0c76c1799104cdfddd3ffb445d78b1adf8dc3ffaf3d"
  name = "github.com/spf13/cobra"
  packages = ["."]
  pruneopts = "NUT"
  revision = "ef82de70bb3f60c65fb8eebacbb2d122ef517385"
  version = "v0.0.3"

[[projects]]
  digest = "1:f29f83301ed096daed24a90f4af591b7560cb14b9cc3e1827abbf04db7269ab5"
  name = "github.com/spf13/jwalterweatherman"
  packages = ["."]
  pruneopts = "NUT"
  revision = "4a4406e478ca629068e7768fc33f3f044173c0a6"
  version = "v1.0.0"

[[projects]]
  digest = "1:9d8420bbf131d1618bde6530af37c3799340d3762cc47210c1d9532a4c3a2779"
  name = "github.com/spf13/pflag"
  packages = ["."]
  pruneopts = "NUT"
  revision = "298182f68c66c05229eb03ac171abe6e309ee79a"
  version = "v1.0.3"

[[projects]]
  digest = "1:9caed8c7c05e8927f5bc6eec5698119b2b63a7cf304effc6c9b818bc864a10d3"
  name = "github.com/spf13/viper"
  packages = ["."]
  pruneopts = "NUT"
  revision = "2c12c60302a5a0e62ee102ca9bc996277c2f64f5"
  version = "v1.2.1"

[[projects]]
  branch = "master"
  digest = "1:3f3a05ae0b95893d90b9b3b5afdb79a9b3d96e4e36e099d841ae602e4aca0da8"
  name = "golang.org/x/crypto"
  packages = ["ssh/terminal"]
  pruneopts = "NUT"
  revision = "a92615f3c49003920a58dedcf32cf55022cefb8d"

[[projects]]
  branch = "master"
  digest = "1:76ee51c3f468493aff39dbacc401e8831fbb765104cbf613b89bef01cf4bad70"
  name = "golang.org/x/net"
  packages = ["context"]
  pruneopts = "NUT"
  revision = "49bb7cea24b1df9410e1712aa6433dae904ff66a"

[[projects]]
  branch = "master"
  digest = "1:71bcac4a94abe8132ef9c2bf008cca9579cda20194383b210b8d2e125777e982"
  name = "golang.org/x/sys"
  packages = [
    "unix",
    "windows",
  ]
  pruneopts = "NUT"
  revision = "fa43e7bc11baaae89f3f902b2b4d832b68234844"

[[projects]]
  digest = "1:5a8c9713f32ff4b05072d1eb87b1b2c3feacb061c1300519cbe12c946a853500"
  name = "golang.org/x/text"
  packages = [
    "internal/gen",
    "internal/triegen",
    "internal/ucd",
    "transform",
    "unicode/cldr",
    "unicode/norm",
    "width",
  ]
  pruneopts = "NUT"
  revision = "f21a4dfb5e38f5895301dc265a8def02365cc3d0"
  version = "v0.3.0"

[[projects]]
  branch = "master"
  digest = "1:f8db118015c25371a6abc9fdde81a44a5009b21910a1d55a4c8228b783ec0f0b"
  name = "golang.org/x/tools"
  packages = [
    "go/ast/astutil",
    "go/buildutil",
    "go/gcexportdata",
    "go/internal/cgo",
    "go/internal/gcimporter",
    "go/loader",
    "go/types/typeutil",
    "imports",
    "internal/fastwalk",
    "internal/gopathwalk",
  ]
  pruneopts = "NUT"
  revision = "c0eb142035b5aa4db001a5cc0703b55a8fbf9540"

[[projects]]
  digest = "1:7c95b35057a0ff2e19f707173cc1a947fa43a6eb5c4d300d196ece0334046082"
  name = "gopkg.in/yaml.v2"
  packages = ["."]
  pruneopts = "NUT"
  revision = "5420a8b6744d3b0345ab293f6fcba19c978f1183"
  version = "v2.2.1"

[[projects]]
  branch = "master"
  digest = "1:17f57ca0d1ba2c234063d64ffd589c349eb00cc3dc211df50f47e81f3d971589"
  name = "sourcegraph.com/sourcegraph/go-diff"
  packages = ["diff"]
  pruneopts = "NUT"
  revision = "119ab63a9fb25c4f02d0bc8088c61bac0f449f7d"

[[projects]]
  digest = "1:6b1ed3514b803e40c881e6c432da3a339c5bbfb7a267b9906e77bb0c408eae77"
  name = "sourcegraph.com/sqs/pbtypes"
  packages = ["."]
  pruneopts = "NUT"
  revision = "688c2c2cb411327a50aae0f89119af9f38b0fc03"
  version = "v1.0.0"

[solve-meta]
  analyzer-name = "dep"
  analyzer-version = 1
  input-imports = [
    "github.com/golangci/golangci-lint/cmd/golangci-lint",
    "github.com/kr/pretty",
  ]
  solver-name = "gps-cdcl"
  solver-version = 1
